// !$*UTF8*$!
{
	archiveVersion = 1;
	classes = {
	};
	objectVersion = 56;
	objects = {

/* Begin PBXBuildFile section */
		0BCEAE462CA76379008B663D /* SiriBodyApp.swift in Sources */ = {isa = PBXBuildFile; fileRef = 0BCEAE452CA76379008B663D /* SiriBodyApp.swift */; };
		0BCEAE4A2CA7637A008B663D /* Assets.xcassets in Resources */ = {isa = PBXBuildFile; fileRef = 0BCEAE492CA7637A008B663D /* Assets.xcassets */; };
		0BCEAE4D2CA7637A008B663D /* Preview Assets.xcassets in Resources */ = {isa = PBXBuildFile; fileRef = 0BCEAE4C2CA7637A008B663D /* Preview Assets.xcassets */; };
		0BCEAE542CAD8402008B663D /* AppState.swift in Sources */ = {isa = PBXBuildFile; fileRef = 0BCEAE532CAD8402008B663D /* AppState.swift */; };
		0BCEAE562CAD844F008B663D /* TitleView.swift in Sources */ = {isa = PBXBuildFile; fileRef = 0BCEAE552CAD844F008B663D /* TitleView.swift */; };
		0BCEAE582CAD8627008B663D /* JoystickView.swift in Sources */ = {isa = PBXBuildFile; fileRef = 0BCEAE572CAD8627008B663D /* JoystickView.swift */; };
		0BCEAE602CADD191008B663D /* MovementInteractor.swift in Sources */ = {isa = PBXBuildFile; fileRef = 0BCEAE5F2CADD191008B663D /* MovementInteractor.swift */; };
		0BCEAE632CAED0D1008B663D /* CentralService.swift in Sources */ = {isa = PBXBuildFile; fileRef = 0BCEAE622CAED0D1008B663D /* CentralService.swift */; };
		0BCEAE652CAED2FE008B663D /* TransferService.swift in Sources */ = {isa = PBXBuildFile; fileRef = 0BCEAE642CAED2FE008B663D /* TransferService.swift */; };
		0BCEAE672CB2FB78008B663D /* BluetoothStatusView.swift in Sources */ = {isa = PBXBuildFile; fileRef = 0BCEAE662CB2FB78008B663D /* BluetoothStatusView.swift */; };
		0BCEAE6A2CB3350B008B663D /* MotionService.swift in Sources */ = {isa = PBXBuildFile; fileRef = 0BCEAE692CB3350B008B663D /* MotionService.swift */; };
		0BF86FAB2CB3956B004FCD87 /* Math+ApproximatelyEqual.swift in Sources */ = {isa = PBXBuildFile; fileRef = 0BF86FAA2CB3956B004FCD87 /* Math+ApproximatelyEqual.swift */; };
		0BF86FAD2CB39EE0004FCD87 /* GoalInteractor.swift in Sources */ = {isa = PBXBuildFile; fileRef = 0BF86FAC2CB39EE0004FCD87 /* GoalInteractor.swift */; };
		0BF86FB12CB3A08B004FCD87 /* RobitView.swift in Sources */ = {isa = PBXBuildFile; fileRef = 0BF86FB02CB3A08B004FCD87 /* RobitView.swift */; };
		0BF86FB42CB3A19C004FCD87 /* PIDRotationControl.swift in Sources */ = {isa = PBXBuildFile; fileRef = 0BF86FB32CB3A19C004FCD87 /* PIDRotationControl.swift */; };
		0BF86FBC2CB41509004FCD87 /* SiriBodyTests.swift in Sources */ = {isa = PBXBuildFile; fileRef = 0BF86FBB2CB41509004FCD87 /* SiriBodyTests.swift */; };
		0BF86FC22CB41600004FCD87 /* PIDRotationControl.swift in Sources */ = {isa = PBXBuildFile; fileRef = 0BF86FB32CB3A19C004FCD87 /* PIDRotationControl.swift */; };
		0BF86FC32CB41BE5004FCD87 /* Math+ApproximatelyEqual.swift in Sources */ = {isa = PBXBuildFile; fileRef = 0BF86FAA2CB3956B004FCD87 /* Math+ApproximatelyEqual.swift */; };
		0BF86FC72CB61015004FCD87 /* PeripheralService.swift in Sources */ = {isa = PBXBuildFile; fileRef = 0BF86FC62CB61015004FCD87 /* PeripheralService.swift */; };
		0BF86FD22CB617C2004FCD87 /* SiriBodyControlMacOSApp.swift in Sources */ = {isa = PBXBuildFile; fileRef = 0BF86FD12CB617C2004FCD87 /* SiriBodyControlMacOSApp.swift */; };
		0BF86FD62CB617C3004FCD87 /* Assets.xcassets in Resources */ = {isa = PBXBuildFile; fileRef = 0BF86FD52CB617C3004FCD87 /* Assets.xcassets */; };
		0BF86FD92CB617C3004FCD87 /* Preview Assets.xcassets in Resources */ = {isa = PBXBuildFile; fileRef = 0BF86FD82CB617C3004FCD87 /* Preview Assets.xcassets */; };
		0BF86FDF2CB61951004FCD87 /* AppState.swift in Sources */ = {isa = PBXBuildFile; fileRef = 0BF86FDE2CB61951004FCD87 /* AppState.swift */; };
		0BF86FE12CB6197B004FCD87 /* ControlView.swift in Sources */ = {isa = PBXBuildFile; fileRef = 0BF86FE02CB6197B004FCD87 /* ControlView.swift */; };
		0BF86FE22CB6198B004FCD87 /* TransferService.swift in Sources */ = {isa = PBXBuildFile; fileRef = 0BCEAE642CAED2FE008B663D /* TransferService.swift */; };
		0BF86FE42CB6198B004FCD87 /* CentralService.swift in Sources */ = {isa = PBXBuildFile; fileRef = 0BCEAE622CAED0D1008B663D /* CentralService.swift */; };
		0BF86FE72CB61B10004FCD87 /* BluetoothStatusView.swift in Sources */ = {isa = PBXBuildFile; fileRef = 0BCEAE662CB2FB78008B663D /* BluetoothStatusView.swift */; };
		0BF86FE82CB61B14004FCD87 /* JoystickView.swift in Sources */ = {isa = PBXBuildFile; fileRef = 0BCEAE572CAD8627008B663D /* JoystickView.swift */; };
		0BF86FE92CB6A746004FCD87 /* Math+ApproximatelyEqual.swift in Sources */ = {isa = PBXBuildFile; fileRef = 0BF86FAA2CB3956B004FCD87 /* Math+ApproximatelyEqual.swift */; };
		0BF86FED2CB6C041004FCD87 /* RealityKitService.swift in Sources */ = {isa = PBXBuildFile; fileRef = 0BF86FEC2CB6C041004FCD87 /* RealityKitService.swift */; };
		0BF86FEF2CB7840B004FCD87 /* RobitRealityView.swift in Sources */ = {isa = PBXBuildFile; fileRef = 0BF86FEE2CB7840B004FCD87 /* RobitRealityView.swift */; };
		0BF86FF12CB960D0004FCD87 /* RealityKitStatusView.swift in Sources */ = {isa = PBXBuildFile; fileRef = 0BF86FF02CB960D0004FCD87 /* RealityKitStatusView.swift */; };
		0BF86FF32CBA23D6004FCD87 /* PIDMotionService.swift in Sources */ = {isa = PBXBuildFile; fileRef = 0BF86FF22CBA23D6004FCD87 /* PIDMotionService.swift */; };
		0BF86FF72CBC0714004FCD87 /* SceneKitView.swift in Sources */ = {isa = PBXBuildFile; fileRef = 0BF86FF62CBC0714004FCD87 /* SceneKitView.swift */; };
		1AD974602CB3733A00DF80C2 /* MotionStatusView.swift in Sources */ = {isa = PBXBuildFile; fileRef = 1AD9745F2CB3733A00DF80C2 /* MotionStatusView.swift */; };
		1AD974622CB3766F00DF80C2 /* LocationService.swift in Sources */ = {isa = PBXBuildFile; fileRef = 1AD974612CB3766F00DF80C2 /* LocationService.swift */; };
		1AD974652CB377B400DF80C2 /* LocationStatusView.swift in Sources */ = {isa = PBXBuildFile; fileRef = 1AD974642CB377B400DF80C2 /* LocationStatusView.swift */; };
/* End PBXBuildFile section */

/* Begin PBXContainerItemProxy section */
		0BF86FBD2CB41509004FCD87 /* PBXContainerItemProxy */ = {
			isa = PBXContainerItemProxy;
			containerPortal = 0BCEAE3A2CA76379008B663D /* Project object */;
			proxyType = 1;
			remoteGlobalIDString = 0BCEAE412CA76379008B663D;
			remoteInfo = SiriBody;
		};
/* End PBXContainerItemProxy section */

/* Begin PBXFileReference section */
		0BCEAE422CA76379008B663D /* SiriBody.app */ = {isa = PBXFileReference; explicitFileType = wrapper.application; includeInIndex = 0; path = SiriBody.app; sourceTree = BUILT_PRODUCTS_DIR; };
		0BCEAE452CA76379008B663D /* SiriBodyApp.swift */ = {isa = PBXFileReference; lastKnownFileType = sourcecode.swift; path = SiriBodyApp.swift; sourceTree = "<group>"; };
		0BCEAE492CA7637A008B663D /* Assets.xcassets */ = {isa = PBXFileReference; lastKnownFileType = folder.assetcatalog; path = Assets.xcassets; sourceTree = "<group>"; };
		0BCEAE4C2CA7637A008B663D /* Preview Assets.xcassets */ = {isa = PBXFileReference; lastKnownFileType = folder.assetcatalog; path = "Preview Assets.xcassets"; sourceTree = "<group>"; };
		0BCEAE532CAD8402008B663D /* AppState.swift */ = {isa = PBXFileReference; lastKnownFileType = sourcecode.swift; path = AppState.swift; sourceTree = "<group>"; };
		0BCEAE552CAD844F008B663D /* TitleView.swift */ = {isa = PBXFileReference; lastKnownFileType = sourcecode.swift; path = TitleView.swift; sourceTree = "<group>"; };
		0BCEAE572CAD8627008B663D /* JoystickView.swift */ = {isa = PBXFileReference; lastKnownFileType = sourcecode.swift; path = JoystickView.swift; sourceTree = "<group>"; };
		0BCEAE5F2CADD191008B663D /* MovementInteractor.swift */ = {isa = PBXFileReference; lastKnownFileType = sourcecode.swift; path = MovementInteractor.swift; sourceTree = "<group>"; };
		0BCEAE622CAED0D1008B663D /* CentralService.swift */ = {isa = PBXFileReference; lastKnownFileType = sourcecode.swift; path = CentralService.swift; sourceTree = "<group>"; };
		0BCEAE642CAED2FE008B663D /* TransferService.swift */ = {isa = PBXFileReference; lastKnownFileType = sourcecode.swift; path = TransferService.swift; sourceTree = "<group>"; };
		0BCEAE662CB2FB78008B663D /* BluetoothStatusView.swift */ = {isa = PBXFileReference; lastKnownFileType = sourcecode.swift; path = BluetoothStatusView.swift; sourceTree = "<group>"; };
		0BCEAE692CB3350B008B663D /* MotionService.swift */ = {isa = PBXFileReference; lastKnownFileType = sourcecode.swift; path = MotionService.swift; sourceTree = "<group>"; };
		0BF86FAA2CB3956B004FCD87 /* Math+ApproximatelyEqual.swift */ = {isa = PBXFileReference; lastKnownFileType = sourcecode.swift; path = "Math+ApproximatelyEqual.swift"; sourceTree = "<group>"; };
		0BF86FAC2CB39EE0004FCD87 /* GoalInteractor.swift */ = {isa = PBXFileReference; lastKnownFileType = sourcecode.swift; path = GoalInteractor.swift; sourceTree = "<group>"; };
		0BF86FB02CB3A08B004FCD87 /* RobitView.swift */ = {isa = PBXFileReference; lastKnownFileType = sourcecode.swift; path = RobitView.swift; sourceTree = "<group>"; };
		0BF86FB32CB3A19C004FCD87 /* PIDRotationControl.swift */ = {isa = PBXFileReference; lastKnownFileType = sourcecode.swift; path = PIDRotationControl.swift; sourceTree = "<group>"; };
		0BF86FB92CB41509004FCD87 /* SiriBodyTests.xctest */ = {isa = PBXFileReference; explicitFileType = wrapper.cfbundle; includeInIndex = 0; path = SiriBodyTests.xctest; sourceTree = BUILT_PRODUCTS_DIR; };
		0BF86FBB2CB41509004FCD87 /* SiriBodyTests.swift */ = {isa = PBXFileReference; lastKnownFileType = sourcecode.swift; path = SiriBodyTests.swift; sourceTree = "<group>"; };
		0BF86FC62CB61015004FCD87 /* PeripheralService.swift */ = {isa = PBXFileReference; lastKnownFileType = sourcecode.swift; path = PeripheralService.swift; sourceTree = "<group>"; };
		0BF86FCF2CB617C2004FCD87 /* SiriBodyControlMacOS.app */ = {isa = PBXFileReference; explicitFileType = wrapper.application; includeInIndex = 0; path = SiriBodyControlMacOS.app; sourceTree = BUILT_PRODUCTS_DIR; };
		0BF86FD12CB617C2004FCD87 /* SiriBodyControlMacOSApp.swift */ = {isa = PBXFileReference; lastKnownFileType = sourcecode.swift; path = SiriBodyControlMacOSApp.swift; sourceTree = "<group>"; };
		0BF86FD52CB617C3004FCD87 /* Assets.xcassets */ = {isa = PBXFileReference; lastKnownFileType = folder.assetcatalog; path = Assets.xcassets; sourceTree = "<group>"; };
		0BF86FD82CB617C3004FCD87 /* Preview Assets.xcassets */ = {isa = PBXFileReference; lastKnownFileType = folder.assetcatalog; path = "Preview Assets.xcassets"; sourceTree = "<group>"; };
		0BF86FDA2CB617C3004FCD87 /* SiriBodyControlMacOS.entitlements */ = {isa = PBXFileReference; lastKnownFileType = text.plist.entitlements; path = SiriBodyControlMacOS.entitlements; sourceTree = "<group>"; };
		0BF86FDE2CB61951004FCD87 /* AppState.swift */ = {isa = PBXFileReference; lastKnownFileType = sourcecode.swift; path = AppState.swift; sourceTree = "<group>"; };
		0BF86FE02CB6197B004FCD87 /* ControlView.swift */ = {isa = PBXFileReference; lastKnownFileType = sourcecode.swift; path = ControlView.swift; sourceTree = "<group>"; };
		0BF86FEC2CB6C041004FCD87 /* RealityKitService.swift */ = {isa = PBXFileReference; lastKnownFileType = sourcecode.swift; path = RealityKitService.swift; sourceTree = "<group>"; };
		0BF86FEE2CB7840B004FCD87 /* RobitRealityView.swift */ = {isa = PBXFileReference; lastKnownFileType = sourcecode.swift; path = RobitRealityView.swift; sourceTree = "<group>"; };
		0BF86FF02CB960D0004FCD87 /* RealityKitStatusView.swift */ = {isa = PBXFileReference; lastKnownFileType = sourcecode.swift; path = RealityKitStatusView.swift; sourceTree = "<group>"; };
		0BF86FF22CBA23D6004FCD87 /* PIDMotionService.swift */ = {isa = PBXFileReference; lastKnownFileType = sourcecode.swift; path = PIDMotionService.swift; sourceTree = "<group>"; };
		0BF86FF62CBC0714004FCD87 /* SceneKitView.swift */ = {isa = PBXFileReference; lastKnownFileType = sourcecode.swift; path = SceneKitView.swift; sourceTree = "<group>"; };
		1AD9745F2CB3733A00DF80C2 /* MotionStatusView.swift */ = {isa = PBXFileReference; lastKnownFileType = sourcecode.swift; path = MotionStatusView.swift; sourceTree = "<group>"; };
		1AD974612CB3766F00DF80C2 /* LocationService.swift */ = {isa = PBXFileReference; lastKnownFileType = sourcecode.swift; path = LocationService.swift; sourceTree = "<group>"; };
		1AD974642CB377B400DF80C2 /* LocationStatusView.swift */ = {isa = PBXFileReference; lastKnownFileType = sourcecode.swift; path = LocationStatusView.swift; sourceTree = "<group>"; };
/* End PBXFileReference section */

/* Begin PBXFrameworksBuildPhase section */
		0BCEAE3F2CA76379008B663D /* Frameworks */ = {
			isa = PBXFrameworksBuildPhase;
			buildActionMask = 2147483647;
			files = (
			);
			runOnlyForDeploymentPostprocessing = 0;
		};
		0BF86FB62CB41509004FCD87 /* Frameworks */ = {
			isa = PBXFrameworksBuildPhase;
			buildActionMask = 2147483647;
			files = (
			);
			runOnlyForDeploymentPostprocessing = 0;
		};
		0BF86FCC2CB617C2004FCD87 /* Frameworks */ = {
			isa = PBXFrameworksBuildPhase;
			buildActionMask = 2147483647;
			files = (
			);
			runOnlyForDeploymentPostprocessing = 0;
		};
/* End PBXFrameworksBuildPhase section */

/* Begin PBXGroup section */
		0BCEAE392CA76379008B663D = {
			isa = PBXGroup;
			children = (
				0BF86FBA2CB41509004FCD87 /* SiriBodyTests */,
				0BCEAE442CA76379008B663D /* SiriBody */,
				0BF86FC82CB61188004FCD87 /* Sharred */,
				0BF86FD02CB617C2004FCD87 /* SiriBodyControlMacOS */,
				0BCEAE432CA76379008B663D /* Products */,
			);
			sourceTree = "<group>";
		};
		0BCEAE432CA76379008B663D /* Products */ = {
			isa = PBXGroup;
			children = (
				0BCEAE422CA76379008B663D /* SiriBody.app */,
				0BF86FB92CB41509004FCD87 /* SiriBodyTests.xctest */,
				0BF86FCF2CB617C2004FCD87 /* SiriBodyControlMacOS.app */,
			);
			name = Products;
			sourceTree = "<group>";
		};
		0BCEAE442CA76379008B663D /* SiriBody */ = {
			isa = PBXGroup;
			children = (
				0BCEAE452CA76379008B663D /* SiriBodyApp.swift */,
				0BCEAE532CAD8402008B663D /* AppState.swift */,
				0BF86FB22CB3A131004FCD87 /* Control */,
				0BCEAE592CAD87B5008B663D /* Service */,
				0BCEAE5E2CADD131008B663D /* Interactor */,
				0BCEAE5A2CAD87C9008B663D /* UI */,
				0BCEAE492CA7637A008B663D /* Assets.xcassets */,
				0BCEAE4B2CA7637A008B663D /* Preview Content */,
			);
			path = SiriBody;
			sourceTree = "<group>";
		};
		0BCEAE4B2CA7637A008B663D /* Preview Content */ = {
			isa = PBXGroup;
			children = (
				0BCEAE4C2CA7637A008B663D /* Preview Assets.xcassets */,
			);
			path = "Preview Content";
			sourceTree = "<group>";
		};
		0BCEAE592CAD87B5008B663D /* Service */ = {
			isa = PBXGroup;
			children = (
				0BCEAE612CAECFBE008B663D /* Bluetooth */,
				0BCEAE692CB3350B008B663D /* MotionService.swift */,
				1AD974612CB3766F00DF80C2 /* LocationService.swift */,
				0BF86FEC2CB6C041004FCD87 /* RealityKitService.swift */,
			);
			path = Service;
			sourceTree = "<group>";
		};
		0BCEAE5A2CAD87C9008B663D /* UI */ = {
			isa = PBXGroup;
			children = (
				0BCEAE552CAD844F008B663D /* TitleView.swift */,
				1AD9745F2CB3733A00DF80C2 /* MotionStatusView.swift */,
				1AD974642CB377B400DF80C2 /* LocationStatusView.swift */,
				0BF86FEE2CB7840B004FCD87 /* RobitRealityView.swift */,
				0BF86FF02CB960D0004FCD87 /* RealityKitStatusView.swift */,
				0BF86FB02CB3A08B004FCD87 /* RobitView.swift */,
			);
			path = UI;
			sourceTree = "<group>";
		};
		0BCEAE5B2CADD051008B663D /* Joystick */ = {
			isa = PBXGroup;
			children = (
				0BCEAE572CAD8627008B663D /* JoystickView.swift */,
			);
			path = Joystick;
			sourceTree = "<group>";
		};
		0BCEAE5E2CADD131008B663D /* Interactor */ = {
			isa = PBXGroup;
			children = (
				0BCEAE5F2CADD191008B663D /* MovementInteractor.swift */,
				0BF86FAC2CB39EE0004FCD87 /* GoalInteractor.swift */,
			);
			path = Interactor;
			sourceTree = "<group>";
		};
		0BCEAE612CAECFBE008B663D /* Bluetooth */ = {
			isa = PBXGroup;
			children = (
				0BF86FC62CB61015004FCD87 /* PeripheralService.swift */,
			);
			path = Bluetooth;
			sourceTree = "<group>";
		};
		0BF86FA92CB3952D004FCD87 /* Utility */ = {
			isa = PBXGroup;
			children = (
				0BF86FAA2CB3956B004FCD87 /* Math+ApproximatelyEqual.swift */,
			);
			path = Utility;
			sourceTree = "<group>";
		};
		0BF86FAE2CB3A03A004FCD87 /* Status */ = {
			isa = PBXGroup;
			children = (
				0BCEAE662CB2FB78008B663D /* BluetoothStatusView.swift */,
			);
			path = Status;
			sourceTree = "<group>";
		};
		0BF86FB22CB3A131004FCD87 /* Control */ = {
			isa = PBXGroup;
			children = (
				0BF86FB32CB3A19C004FCD87 /* PIDRotationControl.swift */,
				0BF86FF22CBA23D6004FCD87 /* PIDMotionService.swift */,
			);
			path = Control;
			sourceTree = "<group>";
		};
		0BF86FBA2CB41509004FCD87 /* SiriBodyTests */ = {
			isa = PBXGroup;
			children = (
				0BF86FBB2CB41509004FCD87 /* SiriBodyTests.swift */,
			);
			path = SiriBodyTests;
			sourceTree = "<group>";
		};
		0BF86FC82CB61188004FCD87 /* Sharred */ = {
			isa = PBXGroup;
			children = (
				0BF86FA92CB3952D004FCD87 /* Utility */,
				0BF86FE62CB61ABD004FCD87 /* UI */,
				0BF86FE52CB61AB5004FCD87 /* Service */,
			);
			path = Sharred;
			sourceTree = "<group>";
		};
		0BF86FD02CB617C2004FCD87 /* SiriBodyControlMacOS */ = {
			isa = PBXGroup;
			children = (
				0BF86FD12CB617C2004FCD87 /* SiriBodyControlMacOSApp.swift */,
				0BF86FDE2CB61951004FCD87 /* AppState.swift */,
				0BF86FE02CB6197B004FCD87 /* ControlView.swift */,
				0BF86FF62CBC0714004FCD87 /* SceneKitView.swift */,
				0BF86FD52CB617C3004FCD87 /* Assets.xcassets */,
				0BF86FDA2CB617C3004FCD87 /* SiriBodyControlMacOS.entitlements */,
				0BF86FD72CB617C3004FCD87 /* Preview Content */,
			);
			path = SiriBodyControlMacOS;
			sourceTree = "<group>";
		};
		0BF86FD72CB617C3004FCD87 /* Preview Content */ = {
			isa = PBXGroup;
			children = (
				0BF86FD82CB617C3004FCD87 /* Preview Assets.xcassets */,
			);
			path = "Preview Content";
			sourceTree = "<group>";
		};
		0BF86FE52CB61AB5004FCD87 /* Service */ = {
			isa = PBXGroup;
			children = (
				0BCEAE642CAED2FE008B663D /* TransferService.swift */,
				0BCEAE622CAED0D1008B663D /* CentralService.swift */,
			);
			path = Service;
			sourceTree = "<group>";
		};
		0BF86FE62CB61ABD004FCD87 /* UI */ = {
			isa = PBXGroup;
			children = (
				0BF86FAE2CB3A03A004FCD87 /* Status */,
				0BCEAE5B2CADD051008B663D /* Joystick */,
			);
			path = UI;
			sourceTree = "<group>";
		};
/* End PBXGroup section */

/* Begin PBXNativeTarget section */
		0BCEAE412CA76379008B663D /* SiriBody */ = {
			isa = PBXNativeTarget;
			buildConfigurationList = 0BCEAE502CA7637A008B663D /* Build configuration list for PBXNativeTarget "SiriBody" */;
			buildPhases = (
				0BCEAE3E2CA76379008B663D /* Sources */,
				0BCEAE3F2CA76379008B663D /* Frameworks */,
				0BCEAE402CA76379008B663D /* Resources */,
			);
			buildRules = (
			);
			dependencies = (
			);
			name = SiriBody;
			productName = SiriBody;
			productReference = 0BCEAE422CA76379008B663D /* SiriBody.app */;
			productType = "com.apple.product-type.application";
		};
		0BF86FB82CB41509004FCD87 /* SiriBodyTests */ = {
			isa = PBXNativeTarget;
			buildConfigurationList = 0BF86FBF2CB41509004FCD87 /* Build configuration list for PBXNativeTarget "SiriBodyTests" */;
			buildPhases = (
				0BF86FB52CB41509004FCD87 /* Sources */,
				0BF86FB62CB41509004FCD87 /* Frameworks */,
				0BF86FB72CB41509004FCD87 /* Resources */,
			);
			buildRules = (
			);
			dependencies = (
				0BF86FBE2CB41509004FCD87 /* PBXTargetDependency */,
			);
			name = SiriBodyTests;
			productName = SiriBodyTests;
			productReference = 0BF86FB92CB41509004FCD87 /* SiriBodyTests.xctest */;
			productType = "com.apple.product-type.bundle.unit-test";
		};
		0BF86FCE2CB617C2004FCD87 /* SiriBodyControlMacOS */ = {
			isa = PBXNativeTarget;
			buildConfigurationList = 0BF86FDB2CB617C3004FCD87 /* Build configuration list for PBXNativeTarget "SiriBodyControlMacOS" */;
			buildPhases = (
				0BF86FCB2CB617C2004FCD87 /* Sources */,
				0BF86FCC2CB617C2004FCD87 /* Frameworks */,
				0BF86FCD2CB617C2004FCD87 /* Resources */,
			);
			buildRules = (
			);
			dependencies = (
			);
			name = SiriBodyControlMacOS;
			productName = SiriBodyControlMacOS;
			productReference = 0BF86FCF2CB617C2004FCD87 /* SiriBodyControlMacOS.app */;
			productType = "com.apple.product-type.application";
		};
/* End PBXNativeTarget section */

/* Begin PBXProject section */
		0BCEAE3A2CA76379008B663D /* Project object */ = {
			isa = PBXProject;
			attributes = {
				BuildIndependentTargetsInParallel = 1;
				LastSwiftUpdateCheck = 1540;
				LastUpgradeCheck = 1540;
				TargetAttributes = {
					0BCEAE412CA76379008B663D = {
						CreatedOnToolsVersion = 15.4;
					};
					0BF86FB82CB41509004FCD87 = {
						CreatedOnToolsVersion = 15.4;
						TestTargetID = 0BCEAE412CA76379008B663D;
					};
					0BF86FCE2CB617C2004FCD87 = {
						CreatedOnToolsVersion = 15.4;
					};
				};
			};
			buildConfigurationList = 0BCEAE3D2CA76379008B663D /* Build configuration list for PBXProject "SiriBody" */;
			compatibilityVersion = "Xcode 14.0";
			developmentRegion = en;
			hasScannedForEncodings = 0;
			knownRegions = (
				en,
				Base,
			);
			mainGroup = 0BCEAE392CA76379008B663D;
			productRefGroup = 0BCEAE432CA76379008B663D /* Products */;
			projectDirPath = "";
			projectRoot = "";
			targets = (
				0BCEAE412CA76379008B663D /* SiriBody */,
				0BF86FB82CB41509004FCD87 /* SiriBodyTests */,
				0BF86FCE2CB617C2004FCD87 /* SiriBodyControlMacOS */,
			);
		};
/* End PBXProject section */

/* Begin PBXResourcesBuildPhase section */
		0BCEAE402CA76379008B663D /* Resources */ = {
			isa = PBXResourcesBuildPhase;
			buildActionMask = 2147483647;
			files = (
				0BCEAE4D2CA7637A008B663D /* Preview Assets.xcassets in Resources */,
				0BCEAE4A2CA7637A008B663D /* Assets.xcassets in Resources */,
			);
			runOnlyForDeploymentPostprocessing = 0;
		};
		0BF86FB72CB41509004FCD87 /* Resources */ = {
			isa = PBXResourcesBuildPhase;
			buildActionMask = 2147483647;
			files = (
			);
			runOnlyForDeploymentPostprocessing = 0;
		};
		0BF86FCD2CB617C2004FCD87 /* Resources */ = {
			isa = PBXResourcesBuildPhase;
			buildActionMask = 2147483647;
			files = (
				0BF86FD92CB617C3004FCD87 /* Preview Assets.xcassets in Resources */,
				0BF86FD62CB617C3004FCD87 /* Assets.xcassets in Resources */,
			);
			runOnlyForDeploymentPostprocessing = 0;
		};
/* End PBXResourcesBuildPhase section */

/* Begin PBXSourcesBuildPhase section */
		0BCEAE3E2CA76379008B663D /* Sources */ = {
			isa = PBXSourcesBuildPhase;
			buildActionMask = 2147483647;
			files = (
				0BF86FB42CB3A19C004FCD87 /* PIDRotationControl.swift in Sources */,
				1AD974602CB3733A00DF80C2 /* MotionStatusView.swift in Sources */,
				0BCEAE542CAD8402008B663D /* AppState.swift in Sources */,
				0BCEAE672CB2FB78008B663D /* BluetoothStatusView.swift in Sources */,
				0BCEAE632CAED0D1008B663D /* CentralService.swift in Sources */,
				0BCEAE462CA76379008B663D /* SiriBodyApp.swift in Sources */,
				0BF86FB12CB3A08B004FCD87 /* RobitView.swift in Sources */,
				0BCEAE582CAD8627008B663D /* JoystickView.swift in Sources */,
				0BF86FAB2CB3956B004FCD87 /* Math+ApproximatelyEqual.swift in Sources */,
				0BF86FC72CB61015004FCD87 /* PeripheralService.swift in Sources */,
				1AD974622CB3766F00DF80C2 /* LocationService.swift in Sources */,
				0BCEAE6A2CB3350B008B663D /* MotionService.swift in Sources */,
				0BF86FF12CB960D0004FCD87 /* RealityKitStatusView.swift in Sources */,
				0BF86FAD2CB39EE0004FCD87 /* GoalInteractor.swift in Sources */,
				0BCEAE562CAD844F008B663D /* TitleView.swift in Sources */,
				0BF86FED2CB6C041004FCD87 /* RealityKitService.swift in Sources */,
				0BCEAE652CAED2FE008B663D /* TransferService.swift in Sources */,
				0BCEAE602CADD191008B663D /* MovementInteractor.swift in Sources */,
				0BF86FEF2CB7840B004FCD87 /* RobitRealityView.swift in Sources */,
				1AD974652CB377B400DF80C2 /* LocationStatusView.swift in Sources */,
				0BF86FF32CBA23D6004FCD87 /* PIDMotionService.swift in Sources */,
			);
			runOnlyForDeploymentPostprocessing = 0;
		};
		0BF86FB52CB41509004FCD87 /* Sources */ = {
			isa = PBXSourcesBuildPhase;
			buildActionMask = 2147483647;
			files = (
				0BF86FBC2CB41509004FCD87 /* SiriBodyTests.swift in Sources */,
				0BF86FC32CB41BE5004FCD87 /* Math+ApproximatelyEqual.swift in Sources */,
				0BF86FC22CB41600004FCD87 /* PIDRotationControl.swift in Sources */,
			);
			runOnlyForDeploymentPostprocessing = 0;
		};
		0BF86FCB2CB617C2004FCD87 /* Sources */ = {
			isa = PBXSourcesBuildPhase;
			buildActionMask = 2147483647;
			files = (
				0BF86FE82CB61B14004FCD87 /* JoystickView.swift in Sources */,
				0BF86FD22CB617C2004FCD87 /* SiriBodyControlMacOSApp.swift in Sources */,
				0BF86FF72CBC0714004FCD87 /* SceneKitView.swift in Sources */,
				0BF86FE12CB6197B004FCD87 /* ControlView.swift in Sources */,
				0BF86FE22CB6198B004FCD87 /* TransferService.swift in Sources */,
				0BF86FE92CB6A746004FCD87 /* Math+ApproximatelyEqual.swift in Sources */,
				0BF86FE72CB61B10004FCD87 /* BluetoothStatusView.swift in Sources */,
				0BF86FE42CB6198B004FCD87 /* CentralService.swift in Sources */,
				0BF86FDF2CB61951004FCD87 /* AppState.swift in Sources */,
			);
			runOnlyForDeploymentPostprocessing = 0;
		};
/* End PBXSourcesBuildPhase section */

/* Begin PBXTargetDependency section */
		0BF86FBE2CB41509004FCD87 /* PBXTargetDependency */ = {
			isa = PBXTargetDependency;
			target = 0BCEAE412CA76379008B663D /* SiriBody */;
			targetProxy = 0BF86FBD2CB41509004FCD87 /* PBXContainerItemProxy */;
		};
/* End PBXTargetDependency section */

/* Begin XCBuildConfiguration section */
		0BCEAE4E2CA7637A008B663D /* Debug */ = {
			isa = XCBuildConfiguration;
			buildSettings = {
				ALWAYS_SEARCH_USER_PATHS = NO;
				ASSETCATALOG_COMPILER_GENERATE_SWIFT_ASSET_SYMBOL_EXTENSIONS = YES;
				CLANG_ANALYZER_NONNULL = YES;
				CLANG_ANALYZER_NUMBER_OBJECT_CONVERSION = YES_AGGRESSIVE;
				CLANG_CXX_LANGUAGE_STANDARD = "gnu++20";
				CLANG_ENABLE_MODULES = YES;
				CLANG_ENABLE_OBJC_ARC = YES;
				CLANG_ENABLE_OBJC_WEAK = YES;
				CLANG_WARN_BLOCK_CAPTURE_AUTORELEASING = YES;
				CLANG_WARN_BOOL_CONVERSION = YES;
				CLANG_WARN_COMMA = YES;
				CLANG_WARN_CONSTANT_CONVERSION = YES;
				CLANG_WARN_DEPRECATED_OBJC_IMPLEMENTATIONS = YES;
				CLANG_WARN_DIRECT_OBJC_ISA_USAGE = YES_ERROR;
				CLANG_WARN_DOCUMENTATION_COMMENTS = YES;
				CLANG_WARN_EMPTY_BODY = YES;
				CLANG_WARN_ENUM_CONVERSION = YES;
				CLANG_WARN_INFINITE_RECURSION = YES;
				CLANG_WARN_INT_CONVERSION = YES;
				CLANG_WARN_NON_LITERAL_NULL_CONVERSION = YES;
				CLANG_WARN_OBJC_IMPLICIT_RETAIN_SELF = YES;
				CLANG_WARN_OBJC_LITERAL_CONVERSION = YES;
				CLANG_WARN_OBJC_ROOT_CLASS = YES_ERROR;
				CLANG_WARN_QUOTED_INCLUDE_IN_FRAMEWORK_HEADER = YES;
				CLANG_WARN_RANGE_LOOP_ANALYSIS = YES;
				CLANG_WARN_STRICT_PROTOTYPES = YES;
				CLANG_WARN_SUSPICIOUS_MOVE = YES;
				CLANG_WARN_UNGUARDED_AVAILABILITY = YES_AGGRESSIVE;
				CLANG_WARN_UNREACHABLE_CODE = YES;
				CLANG_WARN__DUPLICATE_METHOD_MATCH = YES;
				COPY_PHASE_STRIP = NO;
				DEBUG_INFORMATION_FORMAT = dwarf;
				ENABLE_STRICT_OBJC_MSGSEND = YES;
				ENABLE_TESTABILITY = YES;
				ENABLE_USER_SCRIPT_SANDBOXING = YES;
				GCC_C_LANGUAGE_STANDARD = gnu17;
				GCC_DYNAMIC_NO_PIC = NO;
				GCC_NO_COMMON_BLOCKS = YES;
				GCC_OPTIMIZATION_LEVEL = 0;
				GCC_PREPROCESSOR_DEFINITIONS = (
					"DEBUG=1",
					"$(inherited)",
				);
				GCC_WARN_64_TO_32_BIT_CONVERSION = YES;
				GCC_WARN_ABOUT_RETURN_TYPE = YES_ERROR;
				GCC_WARN_UNDECLARED_SELECTOR = YES;
				GCC_WARN_UNINITIALIZED_AUTOS = YES_AGGRESSIVE;
				GCC_WARN_UNUSED_FUNCTION = YES;
				GCC_WARN_UNUSED_VARIABLE = YES;
				IPHONEOS_DEPLOYMENT_TARGET = 17.5;
				LOCALIZATION_PREFERS_STRING_CATALOGS = YES;
				MTL_ENABLE_DEBUG_INFO = INCLUDE_SOURCE;
				MTL_FAST_MATH = YES;
				ONLY_ACTIVE_ARCH = YES;
				SDKROOT = iphoneos;
				SWIFT_ACTIVE_COMPILATION_CONDITIONS = "DEBUG $(inherited)";
				SWIFT_OPTIMIZATION_LEVEL = "-Onone";
			};
			name = Debug;
		};
		0BCEAE4F2CA7637A008B663D /* Release */ = {
			isa = XCBuildConfiguration;
			buildSettings = {
				ALWAYS_SEARCH_USER_PATHS = NO;
				ASSETCATALOG_COMPILER_GENERATE_SWIFT_ASSET_SYMBOL_EXTENSIONS = YES;
				CLANG_ANALYZER_NONNULL = YES;
				CLANG_ANALYZER_NUMBER_OBJECT_CONVERSION = YES_AGGRESSIVE;
				CLANG_CXX_LANGUAGE_STANDARD = "gnu++20";
				CLANG_ENABLE_MODULES = YES;
				CLANG_ENABLE_OBJC_ARC = YES;
				CLANG_ENABLE_OBJC_WEAK = YES;
				CLANG_WARN_BLOCK_CAPTURE_AUTORELEASING = YES;
				CLANG_WARN_BOOL_CONVERSION = YES;
				CLANG_WARN_COMMA = YES;
				CLANG_WARN_CONSTANT_CONVERSION = YES;
				CLANG_WARN_DEPRECATED_OBJC_IMPLEMENTATIONS = YES;
				CLANG_WARN_DIRECT_OBJC_ISA_USAGE = YES_ERROR;
				CLANG_WARN_DOCUMENTATION_COMMENTS = YES;
				CLANG_WARN_EMPTY_BODY = YES;
				CLANG_WARN_ENUM_CONVERSION = YES;
				CLANG_WARN_INFINITE_RECURSION = YES;
				CLANG_WARN_INT_CONVERSION = YES;
				CLANG_WARN_NON_LITERAL_NULL_CONVERSION = YES;
				CLANG_WARN_OBJC_IMPLICIT_RETAIN_SELF = YES;
				CLANG_WARN_OBJC_LITERAL_CONVERSION = YES;
				CLANG_WARN_OBJC_ROOT_CLASS = YES_ERROR;
				CLANG_WARN_QUOTED_INCLUDE_IN_FRAMEWORK_HEADER = YES;
				CLANG_WARN_RANGE_LOOP_ANALYSIS = YES;
				CLANG_WARN_STRICT_PROTOTYPES = YES;
				CLANG_WARN_SUSPICIOUS_MOVE = YES;
				CLANG_WARN_UNGUARDED_AVAILABILITY = YES_AGGRESSIVE;
				CLANG_WARN_UNREACHABLE_CODE = YES;
				CLANG_WARN__DUPLICATE_METHOD_MATCH = YES;
				COPY_PHASE_STRIP = NO;
				DEBUG_INFORMATION_FORMAT = "dwarf-with-dsym";
				ENABLE_NS_ASSERTIONS = NO;
				ENABLE_STRICT_OBJC_MSGSEND = YES;
				ENABLE_USER_SCRIPT_SANDBOXING = YES;
				GCC_C_LANGUAGE_STANDARD = gnu17;
				GCC_NO_COMMON_BLOCKS = YES;
				GCC_WARN_64_TO_32_BIT_CONVERSION = YES;
				GCC_WARN_ABOUT_RETURN_TYPE = YES_ERROR;
				GCC_WARN_UNDECLARED_SELECTOR = YES;
				GCC_WARN_UNINITIALIZED_AUTOS = YES_AGGRESSIVE;
				GCC_WARN_UNUSED_FUNCTION = YES;
				GCC_WARN_UNUSED_VARIABLE = YES;
				IPHONEOS_DEPLOYMENT_TARGET = 17.5;
				LOCALIZATION_PREFERS_STRING_CATALOGS = YES;
				MTL_ENABLE_DEBUG_INFO = NO;
				MTL_FAST_MATH = YES;
				SDKROOT = iphoneos;
				SWIFT_COMPILATION_MODE = wholemodule;
				VALIDATE_PRODUCT = YES;
			};
			name = Release;
		};
		0BCEAE512CA7637A008B663D /* Debug */ = {
			isa = XCBuildConfiguration;
			buildSettings = {
				ASSETCATALOG_COMPILER_APPICON_NAME = AppIcon;
				ASSETCATALOG_COMPILER_GLOBAL_ACCENT_COLOR_NAME = AccentColor;
				CODE_SIGN_STYLE = Automatic;
				CURRENT_PROJECT_VERSION = 1;
				DEVELOPMENT_ASSET_PATHS = "\"SiriBody/Preview Content\"";
				DEVELOPMENT_TEAM = L688AU9RCV;
				ENABLE_PREVIEWS = YES;
				GENERATE_INFOPLIST_FILE = YES;
				INFOPLIST_KEY_CFBundleDisplayName = "";
				INFOPLIST_KEY_LSApplicationCategoryType = "";
				INFOPLIST_KEY_NSBluetoothAlwaysUsageDescription = "This app uses bluetooth to connect to external hardware";
				INFOPLIST_KEY_NSBluetoothPeripheralUsageDescription = "This app uses bluetooth to connect to external hardware";
				INFOPLIST_KEY_NSCameraUsageDescription = "This app uses the camera the guide the robit's vision.";
				INFOPLIST_KEY_NSFileProviderDomainUsageDescription = "";
				INFOPLIST_KEY_NSLocationAlwaysAndWhenInUseUsageDescription = "This app uses your location to guide the robit.";
				INFOPLIST_KEY_NSLocationAlwaysUsageDescription = "";
				INFOPLIST_KEY_NSLocationWhenInUseUsageDescription = "";
				INFOPLIST_KEY_NSMicrophoneUsageDescription = "This app uses your location to guide the robit.";
				INFOPLIST_KEY_NSMotionUsageDescription = "";
				INFOPLIST_KEY_UIApplicationSceneManifest_Generation = YES;
				INFOPLIST_KEY_UIApplicationSupportsIndirectInputEvents = YES;
				INFOPLIST_KEY_UILaunchScreen_Generation = YES;
				INFOPLIST_KEY_UISupportedInterfaceOrientations = UIInterfaceOrientationPortrait;
				LD_RUNPATH_SEARCH_PATHS = (
					"$(inherited)",
					"@executable_path/Frameworks",
				);
				MARKETING_VERSION = 1.0;
				PRODUCT_BUNDLE_IDENTIFIER = superart.SiriBody;
				PRODUCT_NAME = "$(TARGET_NAME)";
				SWIFT_EMIT_LOC_STRINGS = YES;
				SWIFT_VERSION = 5.0;
				TARGETED_DEVICE_FAMILY = "1,2";
			};
			name = Debug;
		};
		0BCEAE522CA7637A008B663D /* Release */ = {
			isa = XCBuildConfiguration;
			buildSettings = {
				ASSETCATALOG_COMPILER_APPICON_NAME = AppIcon;
				ASSETCATALOG_COMPILER_GLOBAL_ACCENT_COLOR_NAME = AccentColor;
				CODE_SIGN_STYLE = Automatic;
				CURRENT_PROJECT_VERSION = 1;
				DEVELOPMENT_ASSET_PATHS = "\"SiriBody/Preview Content\"";
				DEVELOPMENT_TEAM = L688AU9RCV;
				ENABLE_PREVIEWS = YES;
				GENERATE_INFOPLIST_FILE = YES;
				INFOPLIST_KEY_CFBundleDisplayName = "";
				INFOPLIST_KEY_LSApplicationCategoryType = "";
				INFOPLIST_KEY_NSBluetoothAlwaysUsageDescription = "This app uses bluetooth to connect to external hardware";
				INFOPLIST_KEY_NSBluetoothPeripheralUsageDescription = "This app uses bluetooth to connect to external hardware";
				INFOPLIST_KEY_NSCameraUsageDescription = "This app uses the camera the guide the robit's vision.";
				INFOPLIST_KEY_NSFileProviderDomainUsageDescription = "";
				INFOPLIST_KEY_NSLocationAlwaysAndWhenInUseUsageDescription = "This app uses your location to guide the robit.";
				INFOPLIST_KEY_NSLocationAlwaysUsageDescription = "";
				INFOPLIST_KEY_NSLocationWhenInUseUsageDescription = "";
				INFOPLIST_KEY_NSMicrophoneUsageDescription = "This app uses your location to guide the robit.";
				INFOPLIST_KEY_NSMotionUsageDescription = "";
				INFOPLIST_KEY_UIApplicationSceneManifest_Generation = YES;
				INFOPLIST_KEY_UIApplicationSupportsIndirectInputEvents = YES;
				INFOPLIST_KEY_UILaunchScreen_Generation = YES;
				INFOPLIST_KEY_UISupportedInterfaceOrientations = UIInterfaceOrientationPortrait;
				LD_RUNPATH_SEARCH_PATHS = (
					"$(inherited)",
					"@executable_path/Frameworks",
				);
				MARKETING_VERSION = 1.0;
				PRODUCT_BUNDLE_IDENTIFIER = superart.SiriBody;
				PRODUCT_NAME = "$(TARGET_NAME)";
				SWIFT_EMIT_LOC_STRINGS = YES;
				SWIFT_VERSION = 5.0;
				TARGETED_DEVICE_FAMILY = "1,2";
			};
			name = Release;
		};
		0BF86FC02CB41509004FCD87 /* Debug */ = {
			isa = XCBuildConfiguration;
			buildSettings = {
				BUNDLE_LOADER = "$(TEST_HOST)";
				CODE_SIGN_STYLE = Automatic;
				CURRENT_PROJECT_VERSION = 1;
				DEVELOPMENT_TEAM = L688AU9RCV;
				GENERATE_INFOPLIST_FILE = YES;
				MARKETING_VERSION = 1.0;
				PRODUCT_BUNDLE_IDENTIFIER = superart.SiriBodyTests;
				PRODUCT_NAME = "$(TARGET_NAME)";
				SWIFT_EMIT_LOC_STRINGS = NO;
				SWIFT_VERSION = 5.0;
				TARGETED_DEVICE_FAMILY = "1,2";
				TEST_HOST = "$(BUILT_PRODUCTS_DIR)/SiriBody.app/$(BUNDLE_EXECUTABLE_FOLDER_PATH)/SiriBody";
			};
			name = Debug;
		};
		0BF86FC12CB41509004FCD87 /* Release */ = {
			isa = XCBuildConfiguration;
			buildSettings = {
				BUNDLE_LOADER = "$(TEST_HOST)";
				CODE_SIGN_STYLE = Automatic;
				CURRENT_PROJECT_VERSION = 1;
				DEVELOPMENT_TEAM = L688AU9RCV;
				GENERATE_INFOPLIST_FILE = YES;
				MARKETING_VERSION = 1.0;
				PRODUCT_BUNDLE_IDENTIFIER = superart.SiriBodyTests;
				PRODUCT_NAME = "$(TARGET_NAME)";
				SWIFT_EMIT_LOC_STRINGS = NO;
				SWIFT_VERSION = 5.0;
				TARGETED_DEVICE_FAMILY = "1,2";
				TEST_HOST = "$(BUILT_PRODUCTS_DIR)/SiriBody.app/$(BUNDLE_EXECUTABLE_FOLDER_PATH)/SiriBody";
			};
			name = Release;
		};
		0BF86FDC2CB617C3004FCD87 /* Debug */ = {
			isa = XCBuildConfiguration;
			buildSettings = {
				ASSETCATALOG_COMPILER_APPICON_NAME = AppIcon;
				ASSETCATALOG_COMPILER_GLOBAL_ACCENT_COLOR_NAME = AccentColor;
				CODE_SIGN_ENTITLEMENTS = SiriBodyControlMacOS/SiriBodyControlMacOS.entitlements;
				CODE_SIGN_STYLE = Automatic;
				COMBINE_HIDPI_IMAGES = YES;
				CURRENT_PROJECT_VERSION = 1;
				DEVELOPMENT_ASSET_PATHS = "\"SiriBodyControlMacOS/Preview Content\"";
				DEVELOPMENT_TEAM = L688AU9RCV;
				ENABLE_HARDENED_RUNTIME = YES;
				ENABLE_PREVIEWS = YES;
				GENERATE_INFOPLIST_FILE = YES;
				INFOPLIST_KEY_NSBluetoothAlwaysUsageDescription = "This app uses bluetooth to connect to your phone.";
				INFOPLIST_KEY_NSBluetoothPeripheralUsageDescription = "This app uses bluetooth to connect to your phone.";
				INFOPLIST_KEY_NSHumanReadableCopyright = "";
				LD_RUNPATH_SEARCH_PATHS = (
					"$(inherited)",
					"@executable_path/../Frameworks",
				);
				MACOSX_DEPLOYMENT_TARGET = 14.5;
				MARKETING_VERSION = 1.0;
				PRODUCT_BUNDLE_IDENTIFIER = superart.SiriBodyControlMacOS;
				PRODUCT_NAME = "$(TARGET_NAME)";
				SDKROOT = macosx;
				SWIFT_EMIT_LOC_STRINGS = YES;
				SWIFT_VERSION = 5.0;
			};
			name = Debug;
		};
		0BF86FDD2CB617C3004FCD87 /* Release */ = {
			isa = XCBuildConfiguration;
			buildSettings = {
				ASSETCATALOG_COMPILER_APPICON_NAME = AppIcon;
				ASSETCATALOG_COMPILER_GLOBAL_ACCENT_COLOR_NAME = AccentColor;
				CODE_SIGN_ENTITLEMENTS = SiriBodyControlMacOS/SiriBodyControlMacOS.entitlements;
				CODE_SIGN_STYLE = Automatic;
				COMBINE_HIDPI_IMAGES = YES;
				CURRENT_PROJECT_VERSION = 1;
				DEVELOPMENT_ASSET_PATHS = "\"SiriBodyControlMacOS/Preview Content\"";
				DEVELOPMENT_TEAM = L688AU9RCV;
				ENABLE_HARDENED_RUNTIME = YES;
				ENABLE_PREVIEWS = YES;
				GENERATE_INFOPLIST_FILE = YES;
				INFOPLIST_KEY_NSBluetoothAlwaysUsageDescription = "This app uses bluetooth to connect to your phone.";
				INFOPLIST_KEY_NSBluetoothPeripheralUsageDescription = "This app uses bluetooth to connect to your phone.";
				INFOPLIST_KEY_NSHumanReadableCopyright = "";
				LD_RUNPATH_SEARCH_PATHS = (
					"$(inherited)",
					"@executable_path/../Frameworks",
				);
				MACOSX_DEPLOYMENT_TARGET = 14.5;
				MARKETING_VERSION = 1.0;
				PRODUCT_BUNDLE_IDENTIFIER = superart.SiriBodyControlMacOS;
				PRODUCT_NAME = "$(TARGET_NAME)";
				SDKROOT = macosx;
				SWIFT_EMIT_LOC_STRINGS = YES;
				SWIFT_VERSION = 5.0;
			};
			name = Release;
		};
/* End XCBuildConfiguration section */

/* Begin XCConfigurationList section */
		0BCEAE3D2CA76379008B663D /* Build configuration list for PBXProject "SiriBody" */ = {
			isa = XCConfigurationList;
			buildConfigurations = (
				0BCEAE4E2CA7637A008B663D /* Debug */,
				0BCEAE4F2CA7637A008B663D /* Release */,
			);
			defaultConfigurationIsVisible = 0;
			defaultConfigurationName = Release;
		};
		0BCEAE502CA7637A008B663D /* Build configuration list for PBXNativeTarget "SiriBody" */ = {
			isa = XCConfigurationList;
			buildConfigurations = (
				0BCEAE512CA7637A008B663D /* Debug */,
				0BCEAE522CA7637A008B663D /* Release */,
			);
			defaultConfigurationIsVisible = 0;
			defaultConfigurationName = Release;
		};
		0BF86FBF2CB41509004FCD87 /* Build configuration list for PBXNativeTarget "SiriBodyTests" */ = {
			isa = XCConfigurationList;
			buildConfigurations = (
				0BF86FC02CB41509004FCD87 /* Debug */,
				0BF86FC12CB41509004FCD87 /* Release */,
			);
			defaultConfigurationIsVisible = 0;
			defaultConfigurationName = Release;
		};
		0BF86FDB2CB617C3004FCD87 /* Build configuration list for PBXNativeTarget "SiriBodyControlMacOS" */ = {
			isa = XCConfigurationList;
			buildConfigurations = (
				0BF86FDC2CB617C3004FCD87 /* Debug */,
				0BF86FDD2CB617C3004FCD87 /* Release */,
			);
			defaultConfigurationIsVisible = 0;
			defaultConfigurationName = Release;
		};
/* End XCConfigurationList section */
	};
	rootObject = 0BCEAE3A2CA76379008B663D /* Project object */;
}
